
Microsoft Visual Studio Solution File, Format Version 12.00
Project("{FAE04EC0-301F-11D3-BF4B-00C04F79EFBC}") = "Mission6", "Mission6\Mission6.csproj", "{6CE58CC1-A417-48A0-B123-D04620C0FF48}"
EndProject
Global
	GlobalSection(SolutionConfigurationPlatforms) = preSolution
		Debug|Any CPU = Debug|Any CPU
		Release|Any CPU = Release|Any CPU
	EndGlobalSection
	GlobalSection(ProjectConfigurationPlatforms) = postSolution
		{6CE58CC1-A417-48A0-B123-D04620C0FF48}.Debug|Any CPU.ActiveCfg = Debug|Any CPU
		{6CE58CC1-A417-48A0-B123-D04620C0FF48}.Debug|Any CPU.Build.0 = Debug|Any CPU
		{6CE58CC1-A417-48A0-B123-D04620C0FF48}.Release|Any CPU.ActiveCfg = Release|Any CPU
		{6CE58CC1-A417-48A0-B123-D04620C0FF48}.Release|Any CPU.Build.0 = Release|Any CPU
	EndGlobalSection
EndGlobal
